# This file is automatically @generated by Cargo.
# It is not intended for manual editing.
version = 4

[[package]]
name = "race"
version = "0.4.0"

[[package]]
name = "results"
version = "0.4.0"
dependencies = [
 "race",
]

[[package]]
name = "startline"
version = "0.4.0"
dependencies = [
 "race",
]
